
Microsoft Visual Studio Solution File, Format Version 11.00
# Visual Studio 2010
Project("{FAE04EC0-301F-11D3-BF4B-00C04F79EFBC}") = "Assembly-CSharp", "Assembly-CSharp.csproj", "{448C3503-4AD5-8232-2392-19D303526876}"
EndProject
Project("{FAE04EC0-301F-11D3-BF4B-00C04F79EFBC}") = "Assembly-CSharp-firstpass", "Assembly-CSharp-firstpass.csproj", "{41E21B76-7073-A358-F9D0-63624A289D8B}"
EndProject
Project("{FAE04EC0-301F-11D3-BF4B-00C04F79EFBC}") = "Assembly-CSharp-Editor", "Assembly-CSharp-Editor.csproj", "{3E75EFC6-B62B-59A9-4B70-0FE8A45FA165}"
EndProject
Global
	GlobalSection(SolutionConfigurationPlatforms) = preSolution
		Debug|Any CPU = Debug|Any CPU
		Release|Any CPU = Release|Any CPU
	EndGlobalSection
	GlobalSection(ProjectConfigurationPlatforms) = postSolution
		{448C3503-4AD5-8232-2392-19D303526876}.Debug|Any CPU.ActiveCfg = Debug|Any CPU
		{448C3503-4AD5-8232-2392-19D303526876}.Debug|Any CPU.Build.0 = Debug|Any CPU
		{448C3503-4AD5-8232-2392-19D303526876}.Release|Any CPU.ActiveCfg = Release|Any CPU
		{448C3503-4AD5-8232-2392-19D303526876}.Release|Any CPU.Build.0 = Release|Any CPU
		{41E21B76-7073-A358-F9D0-63624A289D8B}.Debug|Any CPU.ActiveCfg = Debug|Any CPU
		{41E21B76-7073-A358-F9D0-63624A289D8B}.Debug|Any CPU.Build.0 = Debug|Any CPU
		{41E21B76-7073-A358-F9D0-63624A289D8B}.Release|Any CPU.ActiveCfg = Release|Any CPU
		{41E21B76-7073-A358-F9D0-63624A289D8B}.Release|Any CPU.Build.0 = Release|Any CPU
		{3E75EFC6-B62B-59A9-4B70-0FE8A45FA165}.Debug|Any CPU.ActiveCfg = Debug|Any CPU
		{3E75EFC6-B62B-59A9-4B70-0FE8A45FA165}.Debug|Any CPU.Build.0 = Debug|Any CPU
		{3E75EFC6-B62B-59A9-4B70-0FE8A45FA165}.Release|Any CPU.ActiveCfg = Release|Any CPU
		{3E75EFC6-B62B-59A9-4B70-0FE8A45FA165}.Release|Any CPU.Build.0 = Release|Any CPU
	EndGlobalSection
	GlobalSection(SolutionProperties) = preSolution
		HideSolutionNode = FALSE
	EndGlobalSection
EndGlobal
